
Microsoft Visual Studio Solution File, Format Version 12.00
# Visual Studio Version 16
VisualStudioVersion = 16.0.29609.76
MinimumVisualStudioVersion = 10.0.40219.1
Project("{9A19103F-16F7-4668-BE54-9A1E7A4F7556}") = "Blueprint Common", "Blueprint Common\Blueprint Common.csproj", "{ADC190A9-3505-4223-A115-21DE40F27DE6}"
EndProject
Project("{9A19103F-16F7-4668-BE54-9A1E7A4F7556}") = "Music Box Compiler", "Music Box Compiler\Music Box Compiler.csproj", "{ACDCB043-5156-4A24-B7DE-2FF1543C1BEF}"
EndProject
Project("{9A19103F-16F7-4668-BE54-9A1E7A4F7556}") = "Memory Initializer", "Memory Initializer\Memory Initializer.csproj", "{BBDFB62E-C178-4058-89E7-A9AAEBEE7E2D}"
EndProject
Project("{9A19103F-16F7-4668-BE54-9A1E7A4F7556}") = "Blueprint Reader", "Blueprint Reader\Blueprint Reader.csproj", "{E3929B2C-A62D-4BF9-9D97-A8EAC4CC75BA}"
EndProject
Project("{9A19103F-16F7-4668-BE54-9A1E7A4F7556}") = "Find And Replace", "Find And Replace\Find And Replace.csproj", "{4E44F236-0187-4D47-9E42-BBBD4F348821}"
EndProject
Project("{9A19103F-16F7-4668-BE54-9A1E7A4F7556}") = "See Sharp Compiler", "See Sharp Compiler\See Sharp Compiler.csproj", "{797845EA-E7FF-4CE9-BD87-5AA9E2EBD65C}"
EndProject
Project("{9A19103F-16F7-4668-BE54-9A1E7A4F7556}") = "See Sharp Compiler Test", "See Sharp Compiler Test\See Sharp Compiler Test.csproj", "{D63D8041-7700-4382-A529-979FC687CF74}"
EndProject
Project("{9A19103F-16F7-4668-BE54-9A1E7A4F7556}") = "See Sharp Runtime", "See Sharp Runtime\See Sharp Runtime.csproj", "{9E552215-AA7C-4FCA-B51D-75E2C8809CA2}"
EndProject
Project("{9A19103F-16F7-4668-BE54-9A1E7A4F7556}") = "Compiler Common", "Compiler Common\Compiler Common.csproj", "{453BE191-29F2-4B19-8A24-C0B35B7DC723}"
EndProject
Project("{9A19103F-16F7-4668-BE54-9A1E7A4F7556}") = "IL Assembler", "IL Assembler\IL Assembler.csproj", "{6AFA96A4-D76B-4359-BBF2-9A0A5A74F767}"
	ProjectSection(ProjectDependencies) = postProject
		{D63D8041-7700-4382-A529-979FC687CF74} = {D63D8041-7700-4382-A529-979FC687CF74}
	EndProjectSection
EndProject
Project("{9A19103F-16F7-4668-BE54-9A1E7A4F7556}") = "IL Reader", "IL Reader\IL Reader.csproj", "{26BBFD17-0A43-4F9A-953B-C72617F7F6EC}"
EndProject
Project("{FAE04EC0-301F-11D3-BF4B-00C04F79EFBC}") = "Music Manager", "Music Manager\Music Manager.csproj", "{4B98F4AB-0A4F-4DFF-9796-D2EFCC4A5796}"
EndProject
Global
	GlobalSection(SolutionConfigurationPlatforms) = preSolution
		Debug|Any CPU = Debug|Any CPU
		Release|Any CPU = Release|Any CPU
	EndGlobalSection
	GlobalSection(ProjectConfigurationPlatforms) = postSolution
		{ADC190A9-3505-4223-A115-21DE40F27DE6}.Debug|Any CPU.ActiveCfg = Debug|Any CPU
		{ADC190A9-3505-4223-A115-21DE40F27DE6}.Debug|Any CPU.Build.0 = Debug|Any CPU
		{ADC190A9-3505-4223-A115-21DE40F27DE6}.Release|Any CPU.ActiveCfg = Release|Any CPU
		{ADC190A9-3505-4223-A115-21DE40F27DE6}.Release|Any CPU.Build.0 = Release|Any CPU
		{ACDCB043-5156-4A24-B7DE-2FF1543C1BEF}.Debug|Any CPU.ActiveCfg = Debug|Any CPU
		{ACDCB043-5156-4A24-B7DE-2FF1543C1BEF}.Debug|Any CPU.Build.0 = Debug|Any CPU
		{ACDCB043-5156-4A24-B7DE-2FF1543C1BEF}.Release|Any CPU.ActiveCfg = Release|Any CPU
		{ACDCB043-5156-4A24-B7DE-2FF1543C1BEF}.Release|Any CPU.Build.0 = Release|Any CPU
		{BBDFB62E-C178-4058-89E7-A9AAEBEE7E2D}.Debug|Any CPU.ActiveCfg = Debug|Any CPU
		{BBDFB62E-C178-4058-89E7-A9AAEBEE7E2D}.Debug|Any CPU.Build.0 = Debug|Any CPU
		{BBDFB62E-C178-4058-89E7-A9AAEBEE7E2D}.Release|Any CPU.ActiveCfg = Release|Any CPU
		{BBDFB62E-C178-4058-89E7-A9AAEBEE7E2D}.Release|Any CPU.Build.0 = Release|Any CPU
		{E3929B2C-A62D-4BF9-9D97-A8EAC4CC75BA}.Debug|Any CPU.ActiveCfg = Debug|Any CPU
		{E3929B2C-A62D-4BF9-9D97-A8EAC4CC75BA}.Debug|Any CPU.Build.0 = Debug|Any CPU
		{E3929B2C-A62D-4BF9-9D97-A8EAC4CC75BA}.Release|Any CPU.ActiveCfg = Release|Any CPU
		{E3929B2C-A62D-4BF9-9D97-A8EAC4CC75BA}.Release|Any CPU.Build.0 = Release|Any CPU
		{4E44F236-0187-4D47-9E42-BBBD4F348821}.Debug|Any CPU.ActiveCfg = Debug|Any CPU
		{4E44F236-0187-4D47-9E42-BBBD4F348821}.Debug|Any CPU.Build.0 = Debug|Any CPU
		{4E44F236-0187-4D47-9E42-BBBD4F348821}.Release|Any CPU.ActiveCfg = Release|Any CPU
		{4E44F236-0187-4D47-9E42-BBBD4F348821}.Release|Any CPU.Build.0 = Release|Any CPU
		{797845EA-E7FF-4CE9-BD87-5AA9E2EBD65C}.Debug|Any CPU.ActiveCfg = Debug|Any CPU
		{797845EA-E7FF-4CE9-BD87-5AA9E2EBD65C}.Debug|Any CPU.Build.0 = Debug|Any CPU
		{797845EA-E7FF-4CE9-BD87-5AA9E2EBD65C}.Release|Any CPU.ActiveCfg = Release|Any CPU
		{797845EA-E7FF-4CE9-BD87-5AA9E2EBD65C}.Release|Any CPU.Build.0 = Release|Any CPU
		{D63D8041-7700-4382-A529-979FC687CF74}.Debug|Any CPU.ActiveCfg = Debug|Any CPU
		{D63D8041-7700-4382-A529-979FC687CF74}.Debug|Any CPU.Build.0 = Debug|Any CPU
		{D63D8041-7700-4382-A529-979FC687CF74}.Release|Any CPU.ActiveCfg = Release|Any CPU
		{D63D8041-7700-4382-A529-979FC687CF74}.Release|Any CPU.Build.0 = Release|Any CPU
		{9E552215-AA7C-4FCA-B51D-75E2C8809CA2}.Debug|Any CPU.ActiveCfg = Debug|Any CPU
		{9E552215-AA7C-4FCA-B51D-75E2C8809CA2}.Debug|Any CPU.Build.0 = Debug|Any CPU
		{9E552215-AA7C-4FCA-B51D-75E2C8809CA2}.Release|Any CPU.ActiveCfg = Release|Any CPU
		{9E552215-AA7C-4FCA-B51D-75E2C8809CA2}.Release|Any CPU.Build.0 = Release|Any CPU
		{453BE191-29F2-4B19-8A24-C0B35B7DC723}.Debug|Any CPU.ActiveCfg = Debug|Any CPU
		{453BE191-29F2-4B19-8A24-C0B35B7DC723}.Debug|Any CPU.Build.0 = Debug|Any CPU
		{453BE191-29F2-4B19-8A24-C0B35B7DC723}.Release|Any CPU.ActiveCfg = Release|Any CPU
		{453BE191-29F2-4B19-8A24-C0B35B7DC723}.Release|Any CPU.Build.0 = Release|Any CPU
		{6AFA96A4-D76B-4359-BBF2-9A0A5A74F767}.Debug|Any CPU.ActiveCfg = Debug|Any CPU
		{6AFA96A4-D76B-4359-BBF2-9A0A5A74F767}.Debug|Any CPU.Build.0 = Debug|Any CPU
		{6AFA96A4-D76B-4359-BBF2-9A0A5A74F767}.Release|Any CPU.ActiveCfg = Release|Any CPU
		{6AFA96A4-D76B-4359-BBF2-9A0A5A74F767}.Release|Any CPU.Build.0 = Release|Any CPU
		{26BBFD17-0A43-4F9A-953B-C72617F7F6EC}.Debug|Any CPU.ActiveCfg = Debug|Any CPU
		{26BBFD17-0A43-4F9A-953B-C72617F7F6EC}.Debug|Any CPU.Build.0 = Debug|Any CPU
		{26BBFD17-0A43-4F9A-953B-C72617F7F6EC}.Release|Any CPU.ActiveCfg = Release|Any CPU
		{26BBFD17-0A43-4F9A-953B-C72617F7F6EC}.Release|Any CPU.Build.0 = Release|Any CPU
		{4B98F4AB-0A4F-4DFF-9796-D2EFCC4A5796}.Debug|Any CPU.ActiveCfg = Debug|Any CPU
		{4B98F4AB-0A4F-4DFF-9796-D2EFCC4A5796}.Debug|Any CPU.Build.0 = Debug|Any CPU
		{4B98F4AB-0A4F-4DFF-9796-D2EFCC4A5796}.Release|Any CPU.ActiveCfg = Release|Any CPU
		{4B98F4AB-0A4F-4DFF-9796-D2EFCC4A5796}.Release|Any CPU.Build.0 = Release|Any CPU
	EndGlobalSection
	GlobalSection(SolutionProperties) = preSolution
		HideSolutionNode = FALSE
	EndGlobalSection
	GlobalSection(ExtensibilityGlobals) = postSolution
		SolutionGuid = {FAD1D280-E7DF-4F87-8999-8FB40059D749}
	EndGlobalSection
EndGlobal
