
Microsoft Visual Studio Solution File, Format Version 12.00
# Visual Studio Version 16
VisualStudioVersion = 16.0.29609.76
MinimumVisualStudioVersion = 10.0.40219.1
Project("{9A19103F-16F7-4668-BE54-9A1E7A4F7556}") = "Blueprint Common", "Blueprint Common\Blueprint Common.csproj", "{ADC190A9-3505-4223-A115-21DE40F27DE6}"
EndProject
Project("{9A19103F-16F7-4668-BE54-9A1E7A4F7556}") = "Music Box Compiler", "Music Box Compiler\Music Box Compiler.csproj", "{ACDCB043-5156-4A24-B7DE-2FF1543C1BEF}"
EndProject
Project("{9A19103F-16F7-4668-BE54-9A1E7A4F7556}") = "Blueprint Generator", "Blueprint Generator\Blueprint Generator.csproj", "{BBDFB62E-C178-4058-89E7-A9AAEBEE7E2D}"
EndProject
Project("{9A19103F-16F7-4668-BE54-9A1E7A4F7556}") = "Blueprint Reader", "Blueprint Reader\Blueprint Reader.csproj", "{E3929B2C-A62D-4BF9-9D97-A8EAC4CC75BA}"
EndProject
Project("{9A19103F-16F7-4668-BE54-9A1E7A4F7556}") = "Find And Replace", "Find And Replace\Find And Replace.csproj", "{4E44F236-0187-4D47-9E42-BBBD4F348821}"
EndProject
Project("{9A19103F-16F7-4668-BE54-9A1E7A4F7556}") = "Compiler Common", "Compiler Common\Compiler Common.csproj", "{453BE191-29F2-4B19-8A24-C0B35B7DC723}"
EndProject
Project("{9A19103F-16F7-4668-BE54-9A1E7A4F7556}") = "IL Reader", "IL Reader\IL Reader.csproj", "{26BBFD17-0A43-4F9A-953B-C72617F7F6EC}"
EndProject
Project("{9A19103F-16F7-4668-BE54-9A1E7A4F7556}") = "Music Manager", "Music Manager\Music Manager.csproj", "{4B98F4AB-0A4F-4DFF-9796-D2EFCC4A5796}"
	ProjectSection(ProjectDependencies) = postProject
		{6BD88AA3-A97E-412C-9F99-40FEA51AD45D} = {6BD88AA3-A97E-412C-9F99-40FEA51AD45D}
	EndProjectSection
EndProject
Project("{9A19103F-16F7-4668-BE54-9A1E7A4F7556}") = "FactoVision Runtime", "FactoVision Runtime\FactoVision Runtime.csproj", "{6CB6C62F-6783-4B48-9822-ADAD3AACB136}"
EndProject
Project("{9A19103F-16F7-4668-BE54-9A1E7A4F7556}") = "FactoVision Compiler Test", "FactoVision Compiler Test\FactoVision Compiler Test.csproj", "{7D79D6B4-A4D9-4CCD-ACD1-F57EBBB1A315}"
EndProject
Project("{9A19103F-16F7-4668-BE54-9A1E7A4F7556}") = "FactoVision Compiler", "FactoVision Compiler\FactoVision Compiler.csproj", "{6BD88AA3-A97E-412C-9F99-40FEA51AD45D}"
EndProject
Project("{9A19103F-16F7-4668-BE54-9A1E7A4F7556}") = "Video Compiler", "Video Compiler\Video Compiler.csproj", "{C7B52BD2-235A-4F17-AD37-04846EDABC72}"
EndProject
Project("{8BC9CEB8-8B4A-11D0-8D11-00A0C91BC942}") = "Codec", "Codec\Codec.vcxproj", "{2207DBA0-B266-4526-8361-CF9C06838613}"
EndProject
Project("{2150E333-8FDC-42A3-9474-1A3956D46DE8}") = "Solution Items", "Solution Items", "{EEFA3DB6-5239-48C3-8EE5-80D0DCC8CF48}"
	ProjectSection(SolutionItems) = preProject
		.gitignore = .gitignore
	EndProjectSection
EndProject
Global
	GlobalSection(SolutionConfigurationPlatforms) = preSolution
		Debug|Any CPU = Debug|Any CPU
		Debug|x64 = Debug|x64
		Debug|x86 = Debug|x86
		Release|Any CPU = Release|Any CPU
		Release|x64 = Release|x64
		Release|x86 = Release|x86
	EndGlobalSection
	GlobalSection(ProjectConfigurationPlatforms) = postSolution
		{ADC190A9-3505-4223-A115-21DE40F27DE6}.Debug|Any CPU.ActiveCfg = Debug|Any CPU
		{ADC190A9-3505-4223-A115-21DE40F27DE6}.Debug|Any CPU.Build.0 = Debug|Any CPU
		{ADC190A9-3505-4223-A115-21DE40F27DE6}.Debug|x64.ActiveCfg = Debug|Any CPU
		{ADC190A9-3505-4223-A115-21DE40F27DE6}.Debug|x64.Build.0 = Debug|Any CPU
		{ADC190A9-3505-4223-A115-21DE40F27DE6}.Debug|x86.ActiveCfg = Debug|Any CPU
		{ADC190A9-3505-4223-A115-21DE40F27DE6}.Debug|x86.Build.0 = Debug|Any CPU
		{ADC190A9-3505-4223-A115-21DE40F27DE6}.Release|Any CPU.ActiveCfg = Release|Any CPU
		{ADC190A9-3505-4223-A115-21DE40F27DE6}.Release|Any CPU.Build.0 = Release|Any CPU
		{ADC190A9-3505-4223-A115-21DE40F27DE6}.Release|x64.ActiveCfg = Release|Any CPU
		{ADC190A9-3505-4223-A115-21DE40F27DE6}.Release|x64.Build.0 = Release|Any CPU
		{ADC190A9-3505-4223-A115-21DE40F27DE6}.Release|x86.ActiveCfg = Release|Any CPU
		{ADC190A9-3505-4223-A115-21DE40F27DE6}.Release|x86.Build.0 = Release|Any CPU
		{ACDCB043-5156-4A24-B7DE-2FF1543C1BEF}.Debug|Any CPU.ActiveCfg = Debug|Any CPU
		{ACDCB043-5156-4A24-B7DE-2FF1543C1BEF}.Debug|Any CPU.Build.0 = Debug|Any CPU
		{ACDCB043-5156-4A24-B7DE-2FF1543C1BEF}.Debug|x64.ActiveCfg = Debug|Any CPU
		{ACDCB043-5156-4A24-B7DE-2FF1543C1BEF}.Debug|x64.Build.0 = Debug|Any CPU
		{ACDCB043-5156-4A24-B7DE-2FF1543C1BEF}.Debug|x86.ActiveCfg = Debug|Any CPU
		{ACDCB043-5156-4A24-B7DE-2FF1543C1BEF}.Debug|x86.Build.0 = Debug|Any CPU
		{ACDCB043-5156-4A24-B7DE-2FF1543C1BEF}.Release|Any CPU.ActiveCfg = Release|Any CPU
		{ACDCB043-5156-4A24-B7DE-2FF1543C1BEF}.Release|Any CPU.Build.0 = Release|Any CPU
		{ACDCB043-5156-4A24-B7DE-2FF1543C1BEF}.Release|x64.ActiveCfg = Release|Any CPU
		{ACDCB043-5156-4A24-B7DE-2FF1543C1BEF}.Release|x64.Build.0 = Release|Any CPU
		{ACDCB043-5156-4A24-B7DE-2FF1543C1BEF}.Release|x86.ActiveCfg = Release|Any CPU
		{ACDCB043-5156-4A24-B7DE-2FF1543C1BEF}.Release|x86.Build.0 = Release|Any CPU
		{BBDFB62E-C178-4058-89E7-A9AAEBEE7E2D}.Debug|Any CPU.ActiveCfg = Debug|Any CPU
		{BBDFB62E-C178-4058-89E7-A9AAEBEE7E2D}.Debug|Any CPU.Build.0 = Debug|Any CPU
		{BBDFB62E-C178-4058-89E7-A9AAEBEE7E2D}.Debug|x64.ActiveCfg = Debug|Any CPU
		{BBDFB62E-C178-4058-89E7-A9AAEBEE7E2D}.Debug|x64.Build.0 = Debug|Any CPU
		{BBDFB62E-C178-4058-89E7-A9AAEBEE7E2D}.Debug|x86.ActiveCfg = Debug|Any CPU
		{BBDFB62E-C178-4058-89E7-A9AAEBEE7E2D}.Debug|x86.Build.0 = Debug|Any CPU
		{BBDFB62E-C178-4058-89E7-A9AAEBEE7E2D}.Release|Any CPU.ActiveCfg = Release|Any CPU
		{BBDFB62E-C178-4058-89E7-A9AAEBEE7E2D}.Release|Any CPU.Build.0 = Release|Any CPU
		{BBDFB62E-C178-4058-89E7-A9AAEBEE7E2D}.Release|x64.ActiveCfg = Release|Any CPU
		{BBDFB62E-C178-4058-89E7-A9AAEBEE7E2D}.Release|x64.Build.0 = Release|Any CPU
		{BBDFB62E-C178-4058-89E7-A9AAEBEE7E2D}.Release|x86.ActiveCfg = Release|Any CPU
		{BBDFB62E-C178-4058-89E7-A9AAEBEE7E2D}.Release|x86.Build.0 = Release|Any CPU
		{E3929B2C-A62D-4BF9-9D97-A8EAC4CC75BA}.Debug|Any CPU.ActiveCfg = Debug|Any CPU
		{E3929B2C-A62D-4BF9-9D97-A8EAC4CC75BA}.Debug|Any CPU.Build.0 = Debug|Any CPU
		{E3929B2C-A62D-4BF9-9D97-A8EAC4CC75BA}.Debug|x64.ActiveCfg = Debug|Any CPU
		{E3929B2C-A62D-4BF9-9D97-A8EAC4CC75BA}.Debug|x64.Build.0 = Debug|Any CPU
		{E3929B2C-A62D-4BF9-9D97-A8EAC4CC75BA}.Debug|x86.ActiveCfg = Debug|Any CPU
		{E3929B2C-A62D-4BF9-9D97-A8EAC4CC75BA}.Debug|x86.Build.0 = Debug|Any CPU
		{E3929B2C-A62D-4BF9-9D97-A8EAC4CC75BA}.Release|Any CPU.ActiveCfg = Release|Any CPU
		{E3929B2C-A62D-4BF9-9D97-A8EAC4CC75BA}.Release|Any CPU.Build.0 = Release|Any CPU
		{E3929B2C-A62D-4BF9-9D97-A8EAC4CC75BA}.Release|x64.ActiveCfg = Release|Any CPU
		{E3929B2C-A62D-4BF9-9D97-A8EAC4CC75BA}.Release|x64.Build.0 = Release|Any CPU
		{E3929B2C-A62D-4BF9-9D97-A8EAC4CC75BA}.Release|x86.ActiveCfg = Release|Any CPU
		{E3929B2C-A62D-4BF9-9D97-A8EAC4CC75BA}.Release|x86.Build.0 = Release|Any CPU
		{4E44F236-0187-4D47-9E42-BBBD4F348821}.Debug|Any CPU.ActiveCfg = Debug|Any CPU
		{4E44F236-0187-4D47-9E42-BBBD4F348821}.Debug|Any CPU.Build.0 = Debug|Any CPU
		{4E44F236-0187-4D47-9E42-BBBD4F348821}.Debug|x64.ActiveCfg = Debug|Any CPU
		{4E44F236-0187-4D47-9E42-BBBD4F348821}.Debug|x64.Build.0 = Debug|Any CPU
		{4E44F236-0187-4D47-9E42-BBBD4F348821}.Debug|x86.ActiveCfg = Debug|Any CPU
		{4E44F236-0187-4D47-9E42-BBBD4F348821}.Debug|x86.Build.0 = Debug|Any CPU
		{4E44F236-0187-4D47-9E42-BBBD4F348821}.Release|Any CPU.ActiveCfg = Release|Any CPU
		{4E44F236-0187-4D47-9E42-BBBD4F348821}.Release|Any CPU.Build.0 = Release|Any CPU
		{4E44F236-0187-4D47-9E42-BBBD4F348821}.Release|x64.ActiveCfg = Release|Any CPU
		{4E44F236-0187-4D47-9E42-BBBD4F348821}.Release|x64.Build.0 = Release|Any CPU
		{4E44F236-0187-4D47-9E42-BBBD4F348821}.Release|x86.ActiveCfg = Release|Any CPU
		{4E44F236-0187-4D47-9E42-BBBD4F348821}.Release|x86.Build.0 = Release|Any CPU
		{453BE191-29F2-4B19-8A24-C0B35B7DC723}.Debug|Any CPU.ActiveCfg = Debug|Any CPU
		{453BE191-29F2-4B19-8A24-C0B35B7DC723}.Debug|Any CPU.Build.0 = Debug|Any CPU
		{453BE191-29F2-4B19-8A24-C0B35B7DC723}.Debug|x64.ActiveCfg = Debug|Any CPU
		{453BE191-29F2-4B19-8A24-C0B35B7DC723}.Debug|x64.Build.0 = Debug|Any CPU
		{453BE191-29F2-4B19-8A24-C0B35B7DC723}.Debug|x86.ActiveCfg = Debug|Any CPU
		{453BE191-29F2-4B19-8A24-C0B35B7DC723}.Debug|x86.Build.0 = Debug|Any CPU
		{453BE191-29F2-4B19-8A24-C0B35B7DC723}.Release|Any CPU.ActiveCfg = Release|Any CPU
		{453BE191-29F2-4B19-8A24-C0B35B7DC723}.Release|Any CPU.Build.0 = Release|Any CPU
		{453BE191-29F2-4B19-8A24-C0B35B7DC723}.Release|x64.ActiveCfg = Release|Any CPU
		{453BE191-29F2-4B19-8A24-C0B35B7DC723}.Release|x64.Build.0 = Release|Any CPU
		{453BE191-29F2-4B19-8A24-C0B35B7DC723}.Release|x86.ActiveCfg = Release|Any CPU
		{453BE191-29F2-4B19-8A24-C0B35B7DC723}.Release|x86.Build.0 = Release|Any CPU
		{26BBFD17-0A43-4F9A-953B-C72617F7F6EC}.Debug|Any CPU.ActiveCfg = Debug|Any CPU
		{26BBFD17-0A43-4F9A-953B-C72617F7F6EC}.Debug|Any CPU.Build.0 = Debug|Any CPU
		{26BBFD17-0A43-4F9A-953B-C72617F7F6EC}.Debug|x64.ActiveCfg = Debug|Any CPU
		{26BBFD17-0A43-4F9A-953B-C72617F7F6EC}.Debug|x64.Build.0 = Debug|Any CPU
		{26BBFD17-0A43-4F9A-953B-C72617F7F6EC}.Debug|x86.ActiveCfg = Debug|Any CPU
		{26BBFD17-0A43-4F9A-953B-C72617F7F6EC}.Debug|x86.Build.0 = Debug|Any CPU
		{26BBFD17-0A43-4F9A-953B-C72617F7F6EC}.Release|Any CPU.ActiveCfg = Release|Any CPU
		{26BBFD17-0A43-4F9A-953B-C72617F7F6EC}.Release|Any CPU.Build.0 = Release|Any CPU
		{26BBFD17-0A43-4F9A-953B-C72617F7F6EC}.Release|x64.ActiveCfg = Release|Any CPU
		{26BBFD17-0A43-4F9A-953B-C72617F7F6EC}.Release|x64.Build.0 = Release|Any CPU
		{26BBFD17-0A43-4F9A-953B-C72617F7F6EC}.Release|x86.ActiveCfg = Release|Any CPU
		{26BBFD17-0A43-4F9A-953B-C72617F7F6EC}.Release|x86.Build.0 = Release|Any CPU
		{4B98F4AB-0A4F-4DFF-9796-D2EFCC4A5796}.Debug|Any CPU.ActiveCfg = Release|Any CPU
		{4B98F4AB-0A4F-4DFF-9796-D2EFCC4A5796}.Debug|Any CPU.Build.0 = Release|Any CPU
		{4B98F4AB-0A4F-4DFF-9796-D2EFCC4A5796}.Debug|x64.ActiveCfg = Debug|Any CPU
		{4B98F4AB-0A4F-4DFF-9796-D2EFCC4A5796}.Debug|x64.Build.0 = Debug|Any CPU
		{4B98F4AB-0A4F-4DFF-9796-D2EFCC4A5796}.Debug|x86.ActiveCfg = Debug|Any CPU
		{4B98F4AB-0A4F-4DFF-9796-D2EFCC4A5796}.Debug|x86.Build.0 = Debug|Any CPU
		{4B98F4AB-0A4F-4DFF-9796-D2EFCC4A5796}.Release|Any CPU.ActiveCfg = Release|Any CPU
		{4B98F4AB-0A4F-4DFF-9796-D2EFCC4A5796}.Release|Any CPU.Build.0 = Release|Any CPU
		{4B98F4AB-0A4F-4DFF-9796-D2EFCC4A5796}.Release|x64.ActiveCfg = Release|Any CPU
		{4B98F4AB-0A4F-4DFF-9796-D2EFCC4A5796}.Release|x64.Build.0 = Release|Any CPU
		{4B98F4AB-0A4F-4DFF-9796-D2EFCC4A5796}.Release|x86.ActiveCfg = Release|Any CPU
		{4B98F4AB-0A4F-4DFF-9796-D2EFCC4A5796}.Release|x86.Build.0 = Release|Any CPU
		{6CB6C62F-6783-4B48-9822-ADAD3AACB136}.Debug|Any CPU.ActiveCfg = Debug|Any CPU
		{6CB6C62F-6783-4B48-9822-ADAD3AACB136}.Debug|Any CPU.Build.0 = Debug|Any CPU
		{6CB6C62F-6783-4B48-9822-ADAD3AACB136}.Debug|x64.ActiveCfg = Debug|Any CPU
		{6CB6C62F-6783-4B48-9822-ADAD3AACB136}.Debug|x64.Build.0 = Debug|Any CPU
		{6CB6C62F-6783-4B48-9822-ADAD3AACB136}.Debug|x86.ActiveCfg = Debug|Any CPU
		{6CB6C62F-6783-4B48-9822-ADAD3AACB136}.Debug|x86.Build.0 = Debug|Any CPU
		{6CB6C62F-6783-4B48-9822-ADAD3AACB136}.Release|Any CPU.ActiveCfg = Release|Any CPU
		{6CB6C62F-6783-4B48-9822-ADAD3AACB136}.Release|Any CPU.Build.0 = Release|Any CPU
		{6CB6C62F-6783-4B48-9822-ADAD3AACB136}.Release|x64.ActiveCfg = Release|Any CPU
		{6CB6C62F-6783-4B48-9822-ADAD3AACB136}.Release|x64.Build.0 = Release|Any CPU
		{6CB6C62F-6783-4B48-9822-ADAD3AACB136}.Release|x86.ActiveCfg = Release|Any CPU
		{6CB6C62F-6783-4B48-9822-ADAD3AACB136}.Release|x86.Build.0 = Release|Any CPU
		{7D79D6B4-A4D9-4CCD-ACD1-F57EBBB1A315}.Debug|Any CPU.ActiveCfg = Debug|Any CPU
		{7D79D6B4-A4D9-4CCD-ACD1-F57EBBB1A315}.Debug|Any CPU.Build.0 = Debug|Any CPU
		{7D79D6B4-A4D9-4CCD-ACD1-F57EBBB1A315}.Debug|x64.ActiveCfg = Debug|Any CPU
		{7D79D6B4-A4D9-4CCD-ACD1-F57EBBB1A315}.Debug|x64.Build.0 = Debug|Any CPU
		{7D79D6B4-A4D9-4CCD-ACD1-F57EBBB1A315}.Debug|x86.ActiveCfg = Debug|Any CPU
		{7D79D6B4-A4D9-4CCD-ACD1-F57EBBB1A315}.Debug|x86.Build.0 = Debug|Any CPU
		{7D79D6B4-A4D9-4CCD-ACD1-F57EBBB1A315}.Release|Any CPU.ActiveCfg = Release|Any CPU
		{7D79D6B4-A4D9-4CCD-ACD1-F57EBBB1A315}.Release|Any CPU.Build.0 = Release|Any CPU
		{7D79D6B4-A4D9-4CCD-ACD1-F57EBBB1A315}.Release|x64.ActiveCfg = Release|Any CPU
		{7D79D6B4-A4D9-4CCD-ACD1-F57EBBB1A315}.Release|x64.Build.0 = Release|Any CPU
		{7D79D6B4-A4D9-4CCD-ACD1-F57EBBB1A315}.Release|x86.ActiveCfg = Release|Any CPU
		{7D79D6B4-A4D9-4CCD-ACD1-F57EBBB1A315}.Release|x86.Build.0 = Release|Any CPU
		{6BD88AA3-A97E-412C-9F99-40FEA51AD45D}.Debug|Any CPU.ActiveCfg = Debug|Any CPU
		{6BD88AA3-A97E-412C-9F99-40FEA51AD45D}.Debug|Any CPU.Build.0 = Debug|Any CPU
		{6BD88AA3-A97E-412C-9F99-40FEA51AD45D}.Debug|x64.ActiveCfg = Debug|Any CPU
		{6BD88AA3-A97E-412C-9F99-40FEA51AD45D}.Debug|x64.Build.0 = Debug|Any CPU
		{6BD88AA3-A97E-412C-9F99-40FEA51AD45D}.Debug|x86.ActiveCfg = Debug|Any CPU
		{6BD88AA3-A97E-412C-9F99-40FEA51AD45D}.Debug|x86.Build.0 = Debug|Any CPU
		{6BD88AA3-A97E-412C-9F99-40FEA51AD45D}.Release|Any CPU.ActiveCfg = Release|Any CPU
		{6BD88AA3-A97E-412C-9F99-40FEA51AD45D}.Release|Any CPU.Build.0 = Release|Any CPU
		{6BD88AA3-A97E-412C-9F99-40FEA51AD45D}.Release|x64.ActiveCfg = Release|Any CPU
		{6BD88AA3-A97E-412C-9F99-40FEA51AD45D}.Release|x64.Build.0 = Release|Any CPU
		{6BD88AA3-A97E-412C-9F99-40FEA51AD45D}.Release|x86.ActiveCfg = Release|Any CPU
		{6BD88AA3-A97E-412C-9F99-40FEA51AD45D}.Release|x86.Build.0 = Release|Any CPU
		{C7B52BD2-235A-4F17-AD37-04846EDABC72}.Debug|Any CPU.ActiveCfg = Debug|Any CPU
		{C7B52BD2-235A-4F17-AD37-04846EDABC72}.Debug|Any CPU.Build.0 = Debug|Any CPU
		{C7B52BD2-235A-4F17-AD37-04846EDABC72}.Debug|x64.ActiveCfg = Debug|Any CPU
		{C7B52BD2-235A-4F17-AD37-04846EDABC72}.Debug|x64.Build.0 = Debug|Any CPU
		{C7B52BD2-235A-4F17-AD37-04846EDABC72}.Debug|x86.ActiveCfg = Debug|Any CPU
		{C7B52BD2-235A-4F17-AD37-04846EDABC72}.Debug|x86.Build.0 = Debug|Any CPU
		{C7B52BD2-235A-4F17-AD37-04846EDABC72}.Release|Any CPU.ActiveCfg = Release|Any CPU
		{C7B52BD2-235A-4F17-AD37-04846EDABC72}.Release|Any CPU.Build.0 = Release|Any CPU
		{C7B52BD2-235A-4F17-AD37-04846EDABC72}.Release|x64.ActiveCfg = Release|Any CPU
		{C7B52BD2-235A-4F17-AD37-04846EDABC72}.Release|x64.Build.0 = Release|Any CPU
		{C7B52BD2-235A-4F17-AD37-04846EDABC72}.Release|x86.ActiveCfg = Release|Any CPU
		{C7B52BD2-235A-4F17-AD37-04846EDABC72}.Release|x86.Build.0 = Release|Any CPU
		{2207DBA0-B266-4526-8361-CF9C06838613}.Debug|Any CPU.ActiveCfg = Debug|x64
		{2207DBA0-B266-4526-8361-CF9C06838613}.Debug|Any CPU.Build.0 = Debug|x64
		{2207DBA0-B266-4526-8361-CF9C06838613}.Debug|x64.ActiveCfg = Debug|x64
		{2207DBA0-B266-4526-8361-CF9C06838613}.Debug|x64.Build.0 = Debug|x64
		{2207DBA0-B266-4526-8361-CF9C06838613}.Debug|x86.ActiveCfg = Debug|Win32
		{2207DBA0-B266-4526-8361-CF9C06838613}.Debug|x86.Build.0 = Debug|Win32
		{2207DBA0-B266-4526-8361-CF9C06838613}.Release|Any CPU.ActiveCfg = Release|Win32
		{2207DBA0-B266-4526-8361-CF9C06838613}.Release|x64.ActiveCfg = Release|x64
		{2207DBA0-B266-4526-8361-CF9C06838613}.Release|x64.Build.0 = Release|x64
		{2207DBA0-B266-4526-8361-CF9C06838613}.Release|x86.ActiveCfg = Release|Win32
		{2207DBA0-B266-4526-8361-CF9C06838613}.Release|x86.Build.0 = Release|Win32
	EndGlobalSection
	GlobalSection(SolutionProperties) = preSolution
		HideSolutionNode = FALSE
	EndGlobalSection
	GlobalSection(ExtensibilityGlobals) = postSolution
		SolutionGuid = {FAD1D280-E7DF-4F87-8999-8FB40059D749}
	EndGlobalSection
EndGlobal
